
Microsoft Visual Studio Solution File, Format Version 10.00
# Visual C++ Express 2008
Project("{8BC9CEB8-8B4A-11D0-8D11-00A0C91BC942}") = "caes_test_crypt_cbc", "caes_test_crypt_cbc\caes_test_crypt_cbc.vcproj", "{1B484756-9F82-4402-B706-0088874A7C30}"
	ProjectSection(ProjectDependencies) = postProject
		{42F15139-E2EE-45FC-BE59-E800D341D7FB} = {42F15139-E2EE-45FC-BE59-E800D341D7FB}
		{BD3A95FA-A3DE-4B79-A889-A7E5ECA4B69C} = {BD3A95FA-A3DE-4B79-A889-A7E5ECA4B69C}
		{20FFC4C9-F44C-45F6-A827-4819B4DF3C9F} = {20FFC4C9-F44C-45F6-A827-4819B4DF3C9F}
	EndProjectSection
EndProject
Project("{8BC9CEB8-8B4A-11D0-8D11-00A0C91BC942}") = "caes_test_crypt_ccm", "caes_test_crypt_ccm\caes_test_crypt_ccm.vcproj", "{05D49655-8D33-40DC-9303-F71D19454FFF}"
	ProjectSection(ProjectDependencies) = postProject
		{42F15139-E2EE-45FC-BE59-E800D341D7FB} = {42F15139-E2EE-45FC-BE59-E800D341D7FB}
		{BD3A95FA-A3DE-4B79-A889-A7E5ECA4B69C} = {BD3A95FA-A3DE-4B79-A889-A7E5ECA4B69C}
		{20FFC4C9-F44C-45F6-A827-4819B4DF3C9F} = {20FFC4C9-F44C-45F6-A827-4819B4DF3C9F}
	EndProjectSection
EndProject
Project("{8BC9CEB8-8B4A-11D0-8D11-00A0C91BC942}") = "caes_test_crypt_cfb", "caes_test_crypt_cfb\caes_test_crypt_cfb.vcproj", "{6ED1202A-50C9-4E64-A97D-6C3825A49BEB}"
	ProjectSection(ProjectDependencies) = postProject
		{42F15139-E2EE-45FC-BE59-E800D341D7FB} = {42F15139-E2EE-45FC-BE59-E800D341D7FB}
		{BD3A95FA-A3DE-4B79-A889-A7E5ECA4B69C} = {BD3A95FA-A3DE-4B79-A889-A7E5ECA4B69C}
		{20FFC4C9-F44C-45F6-A827-4819B4DF3C9F} = {20FFC4C9-F44C-45F6-A827-4819B4DF3C9F}
	EndProjectSection
EndProject
Project("{8BC9CEB8-8B4A-11D0-8D11-00A0C91BC942}") = "caes_test_crypt_ecb", "caes_test_crypt_ecb\caes_test_crypt_ecb.vcproj", "{D28A540A-33D3-4BB3-9581-65CA3EF06F7A}"
	ProjectSection(ProjectDependencies) = postProject
		{42F15139-E2EE-45FC-BE59-E800D341D7FB} = {42F15139-E2EE-45FC-BE59-E800D341D7FB}
		{BD3A95FA-A3DE-4B79-A889-A7E5ECA4B69C} = {BD3A95FA-A3DE-4B79-A889-A7E5ECA4B69C}
		{20FFC4C9-F44C-45F6-A827-4819B4DF3C9F} = {20FFC4C9-F44C-45F6-A827-4819B4DF3C9F}
	EndProjectSection
EndProject
Project("{8BC9CEB8-8B4A-11D0-8D11-00A0C91BC942}") = "caes_test_crypt_xts", "caes_test_crypt_xts\caes_test_crypt_xts.vcproj", "{B5B94AAD-F957-4739-B185-BDE81BAE9F5E}"
	ProjectSection(ProjectDependencies) = postProject
		{42F15139-E2EE-45FC-BE59-E800D341D7FB} = {42F15139-E2EE-45FC-BE59-E800D341D7FB}
		{BD3A95FA-A3DE-4B79-A889-A7E5ECA4B69C} = {BD3A95FA-A3DE-4B79-A889-A7E5ECA4B69C}
		{20FFC4C9-F44C-45F6-A827-4819B4DF3C9F} = {20FFC4C9-F44C-45F6-A827-4819B4DF3C9F}
	EndProjectSection
EndProject
Project("{8BC9CEB8-8B4A-11D0-8D11-00A0C91BC942}") = "libcaes", "libcaes\libcaes.vcproj", "{42F15139-E2EE-45FC-BE59-E800D341D7FB}"
	ProjectSection(ProjectDependencies) = postProject
		{20FFC4C9-F44C-45F6-A827-4819B4DF3C9F} = {20FFC4C9-F44C-45F6-A827-4819B4DF3C9F}
		{BD3A95FA-A3DE-4B79-A889-A7E5ECA4B69C} = {BD3A95FA-A3DE-4B79-A889-A7E5ECA4B69C}
	EndProjectSection
EndProject
Project("{8BC9CEB8-8B4A-11D0-8D11-00A0C91BC942}") = "pycaes", "pycaes\pycaes.vcproj", "{2C5AF1E9-F9CB-4BAA-B66B-18647FBD9082}"
	ProjectSection(ProjectDependencies) = postProject
		{20FFC4C9-F44C-45F6-A827-4819B4DF3C9F} = {20FFC4C9-F44C-45F6-A827-4819B4DF3C9F}
		{BD3A95FA-A3DE-4B79-A889-A7E5ECA4B69C} = {BD3A95FA-A3DE-4B79-A889-A7E5ECA4B69C}
		{42F15139-E2EE-45FC-BE59-E800D341D7FB} = {42F15139-E2EE-45FC-BE59-E800D341D7FB}
	EndProjectSection
EndProject
Project("{8BC9CEB8-8B4A-11D0-8D11-00A0C91BC942}") = "libcstring", "libcstring\libcstring.vcproj", "{20FFC4C9-F44C-45F6-A827-4819B4DF3C9F}"
EndProject
Project("{8BC9CEB8-8B4A-11D0-8D11-00A0C91BC942}") = "libcerror", "libcerror\libcerror.vcproj", "{BD3A95FA-A3DE-4B79-A889-A7E5ECA4B69C}"
	ProjectSection(ProjectDependencies) = postProject
		{20FFC4C9-F44C-45F6-A827-4819B4DF3C9F} = {20FFC4C9-F44C-45F6-A827-4819B4DF3C9F}
	EndProjectSection
EndProject
Global
	GlobalSection(SolutionConfigurationPlatforms) = preSolution
		Release|Win32 = Release|Win32
		VSDebug|Win32 = VSDebug|Win32
	EndGlobalSection
	GlobalSection(ProjectConfigurationPlatforms) = postSolution
		{1B484756-9F82-4402-B706-0088874A7C30}.Release|Win32.ActiveCfg = Release|Win32
		{1B484756-9F82-4402-B706-0088874A7C30}.Release|Win32.Build.0 = Release|Win32
		{1B484756-9F82-4402-B706-0088874A7C30}.VSDebug|Win32.ActiveCfg = VSDebug|Win32
		{1B484756-9F82-4402-B706-0088874A7C30}.VSDebug|Win32.Build.0 = VSDebug|Win32
		{05D49655-8D33-40DC-9303-F71D19454FFF}.Release|Win32.ActiveCfg = Release|Win32
		{05D49655-8D33-40DC-9303-F71D19454FFF}.Release|Win32.Build.0 = Release|Win32
		{05D49655-8D33-40DC-9303-F71D19454FFF}.VSDebug|Win32.ActiveCfg = VSDebug|Win32
		{05D49655-8D33-40DC-9303-F71D19454FFF}.VSDebug|Win32.Build.0 = VSDebug|Win32
		{6ED1202A-50C9-4E64-A97D-6C3825A49BEB}.Release|Win32.ActiveCfg = Release|Win32
		{6ED1202A-50C9-4E64-A97D-6C3825A49BEB}.Release|Win32.Build.0 = Release|Win32
		{6ED1202A-50C9-4E64-A97D-6C3825A49BEB}.VSDebug|Win32.ActiveCfg = VSDebug|Win32
		{6ED1202A-50C9-4E64-A97D-6C3825A49BEB}.VSDebug|Win32.Build.0 = VSDebug|Win32
		{D28A540A-33D3-4BB3-9581-65CA3EF06F7A}.Release|Win32.ActiveCfg = Release|Win32
		{D28A540A-33D3-4BB3-9581-65CA3EF06F7A}.Release|Win32.Build.0 = Release|Win32
		{D28A540A-33D3-4BB3-9581-65CA3EF06F7A}.VSDebug|Win32.ActiveCfg = VSDebug|Win32
		{D28A540A-33D3-4BB3-9581-65CA3EF06F7A}.VSDebug|Win32.Build.0 = VSDebug|Win32
		{B5B94AAD-F957-4739-B185-BDE81BAE9F5E}.Release|Win32.ActiveCfg = Release|Win32
		{B5B94AAD-F957-4739-B185-BDE81BAE9F5E}.Release|Win32.Build.0 = Release|Win32
		{B5B94AAD-F957-4739-B185-BDE81BAE9F5E}.VSDebug|Win32.ActiveCfg = VSDebug|Win32
		{B5B94AAD-F957-4739-B185-BDE81BAE9F5E}.VSDebug|Win32.Build.0 = VSDebug|Win32
		{42F15139-E2EE-45FC-BE59-E800D341D7FB}.Release|Win32.ActiveCfg = Release|Win32
		{42F15139-E2EE-45FC-BE59-E800D341D7FB}.Release|Win32.Build.0 = Release|Win32
		{42F15139-E2EE-45FC-BE59-E800D341D7FB}.VSDebug|Win32.ActiveCfg = VSDebug|Win32
		{42F15139-E2EE-45FC-BE59-E800D341D7FB}.VSDebug|Win32.Build.0 = VSDebug|Win32
		{2C5AF1E9-F9CB-4BAA-B66B-18647FBD9082}.Release|Win32.ActiveCfg = Release|Win32
		{2C5AF1E9-F9CB-4BAA-B66B-18647FBD9082}.Release|Win32.Build.0 = Release|Win32
		{2C5AF1E9-F9CB-4BAA-B66B-18647FBD9082}.VSDebug|Win32.ActiveCfg = VSDebug|Win32
		{2C5AF1E9-F9CB-4BAA-B66B-18647FBD9082}.VSDebug|Win32.Build.0 = VSDebug|Win32
		{20FFC4C9-F44C-45F6-A827-4819B4DF3C9F}.Release|Win32.ActiveCfg = Release|Win32
		{20FFC4C9-F44C-45F6-A827-4819B4DF3C9F}.Release|Win32.Build.0 = Release|Win32
		{20FFC4C9-F44C-45F6-A827-4819B4DF3C9F}.VSDebug|Win32.ActiveCfg = VSDebug|Win32
		{20FFC4C9-F44C-45F6-A827-4819B4DF3C9F}.VSDebug|Win32.Build.0 = VSDebug|Win32
		{BD3A95FA-A3DE-4B79-A889-A7E5ECA4B69C}.Release|Win32.ActiveCfg = Release|Win32
		{BD3A95FA-A3DE-4B79-A889-A7E5ECA4B69C}.Release|Win32.Build.0 = Release|Win32
		{BD3A95FA-A3DE-4B79-A889-A7E5ECA4B69C}.VSDebug|Win32.ActiveCfg = VSDebug|Win32
		{BD3A95FA-A3DE-4B79-A889-A7E5ECA4B69C}.VSDebug|Win32.Build.0 = VSDebug|Win32
	EndGlobalSection
	GlobalSection(SolutionProperties) = preSolution
		HideSolutionNode = FALSE
	EndGlobalSection
EndGlobal
