
Microsoft Visual Studio Solution File, Format Version 10.00
# Visual C++ Express 2008
Project("{8BC9CEB8-8B4A-11D0-8D11-00A0C91BC942}") = "caes_test_context", "caes_test_context\caes_test_context.vcproj", "{607FD0AF-D86C-4A9C-A44F-C768A9A1C3A7}"
	ProjectSection(ProjectDependencies) = postProject
		{42F15139-E2EE-45FC-BE59-E800D341D7FB} = {42F15139-E2EE-45FC-BE59-E800D341D7FB}
		{BD3A95FA-A3DE-4B79-A889-A7E5ECA4B69C} = {BD3A95FA-A3DE-4B79-A889-A7E5ECA4B69C}
	EndProjectSection
EndProject
Project("{8BC9CEB8-8B4A-11D0-8D11-00A0C91BC942}") = "caes_test_crypt_cbc", "caes_test_crypt_cbc\caes_test_crypt_cbc.vcproj", "{1B484756-9F82-4402-B706-0088874A7C30}"
	ProjectSection(ProjectDependencies) = postProject
		{42F15139-E2EE-45FC-BE59-E800D341D7FB} = {42F15139-E2EE-45FC-BE59-E800D341D7FB}
		{BD3A95FA-A3DE-4B79-A889-A7E5ECA4B69C} = {BD3A95FA-A3DE-4B79-A889-A7E5ECA4B69C}
	EndProjectSection
EndProject
Project("{8BC9CEB8-8B4A-11D0-8D11-00A0C91BC942}") = "caes_test_crypt_ccm", "caes_test_crypt_ccm\caes_test_crypt_ccm.vcproj", "{05D49655-8D33-40DC-9303-F71D19454FFF}"
	ProjectSection(ProjectDependencies) = postProject
		{42F15139-E2EE-45FC-BE59-E800D341D7FB} = {42F15139-E2EE-45FC-BE59-E800D341D7FB}
		{BD3A95FA-A3DE-4B79-A889-A7E5ECA4B69C} = {BD3A95FA-A3DE-4B79-A889-A7E5ECA4B69C}
	EndProjectSection
EndProject
Project("{8BC9CEB8-8B4A-11D0-8D11-00A0C91BC942}") = "caes_test_crypt_xts", "caes_test_crypt_xts\caes_test_crypt_xts.vcproj", "{B5B94AAD-F957-4739-B185-BDE81BAE9F5E}"
	ProjectSection(ProjectDependencies) = postProject
		{42F15139-E2EE-45FC-BE59-E800D341D7FB} = {42F15139-E2EE-45FC-BE59-E800D341D7FB}
		{BD3A95FA-A3DE-4B79-A889-A7E5ECA4B69C} = {BD3A95FA-A3DE-4B79-A889-A7E5ECA4B69C}
	EndProjectSection
EndProject
Project("{8BC9CEB8-8B4A-11D0-8D11-00A0C91BC942}") = "caes_test_error", "caes_test_error\caes_test_error.vcproj", "{CE11F0FB-D2A9-499C-B7EE-C1801895C7B4}"
	ProjectSection(ProjectDependencies) = postProject
		{42F15139-E2EE-45FC-BE59-E800D341D7FB} = {42F15139-E2EE-45FC-BE59-E800D341D7FB}
	EndProjectSection
EndProject
Project("{8BC9CEB8-8B4A-11D0-8D11-00A0C91BC942}") = "caes_test_support", "caes_test_support\caes_test_support.vcproj", "{AB9A5723-EEAE-439A-B324-58BBC3F58F92}"
	ProjectSection(ProjectDependencies) = postProject
		{42F15139-E2EE-45FC-BE59-E800D341D7FB} = {42F15139-E2EE-45FC-BE59-E800D341D7FB}
	EndProjectSection
EndProject
Project("{8BC9CEB8-8B4A-11D0-8D11-00A0C91BC942}") = "caes_test_tweaked_context", "caes_test_tweaked_context\caes_test_tweaked_context.vcproj", "{F1D67F8B-982B-4AFE-B36A-0C53B9525F82}"
	ProjectSection(ProjectDependencies) = postProject
		{42F15139-E2EE-45FC-BE59-E800D341D7FB} = {42F15139-E2EE-45FC-BE59-E800D341D7FB}
		{BD3A95FA-A3DE-4B79-A889-A7E5ECA4B69C} = {BD3A95FA-A3DE-4B79-A889-A7E5ECA4B69C}
	EndProjectSection
EndProject
Project("{8BC9CEB8-8B4A-11D0-8D11-00A0C91BC942}") = "libcaes", "libcaes\libcaes.vcproj", "{42F15139-E2EE-45FC-BE59-E800D341D7FB}"
	ProjectSection(ProjectDependencies) = postProject
		{BD3A95FA-A3DE-4B79-A889-A7E5ECA4B69C} = {BD3A95FA-A3DE-4B79-A889-A7E5ECA4B69C}
	EndProjectSection
EndProject
Project("{8BC9CEB8-8B4A-11D0-8D11-00A0C91BC942}") = "pycaes", "pycaes\pycaes.vcproj", "{2C5AF1E9-F9CB-4BAA-B66B-18647FBD9082}"
	ProjectSection(ProjectDependencies) = postProject
		{BD3A95FA-A3DE-4B79-A889-A7E5ECA4B69C} = {BD3A95FA-A3DE-4B79-A889-A7E5ECA4B69C}
		{42F15139-E2EE-45FC-BE59-E800D341D7FB} = {42F15139-E2EE-45FC-BE59-E800D341D7FB}
	EndProjectSection
EndProject
Project("{8BC9CEB8-8B4A-11D0-8D11-00A0C91BC942}") = "libcerror", "libcerror\libcerror.vcproj", "{BD3A95FA-A3DE-4B79-A889-A7E5ECA4B69C}"
EndProject
Global
	GlobalSection(SolutionConfigurationPlatforms) = preSolution
		Release|Win32 = Release|Win32
		VSDebug|Win32 = VSDebug|Win32
	EndGlobalSection
	GlobalSection(ProjectConfigurationPlatforms) = postSolution
		{607FD0AF-D86C-4A9C-A44F-C768A9A1C3A7}.Release|Win32.ActiveCfg = Release|Win32
		{607FD0AF-D86C-4A9C-A44F-C768A9A1C3A7}.Release|Win32.Build.0 = Release|Win32
		{607FD0AF-D86C-4A9C-A44F-C768A9A1C3A7}.VSDebug|Win32.ActiveCfg = VSDebug|Win32
		{607FD0AF-D86C-4A9C-A44F-C768A9A1C3A7}.VSDebug|Win32.Build.0 = VSDebug|Win32
		{1B484756-9F82-4402-B706-0088874A7C30}.Release|Win32.ActiveCfg = Release|Win32
		{1B484756-9F82-4402-B706-0088874A7C30}.Release|Win32.Build.0 = Release|Win32
		{1B484756-9F82-4402-B706-0088874A7C30}.VSDebug|Win32.ActiveCfg = VSDebug|Win32
		{1B484756-9F82-4402-B706-0088874A7C30}.VSDebug|Win32.Build.0 = VSDebug|Win32
		{05D49655-8D33-40DC-9303-F71D19454FFF}.Release|Win32.ActiveCfg = Release|Win32
		{05D49655-8D33-40DC-9303-F71D19454FFF}.Release|Win32.Build.0 = Release|Win32
		{05D49655-8D33-40DC-9303-F71D19454FFF}.VSDebug|Win32.ActiveCfg = VSDebug|Win32
		{05D49655-8D33-40DC-9303-F71D19454FFF}.VSDebug|Win32.Build.0 = VSDebug|Win32
		{B5B94AAD-F957-4739-B185-BDE81BAE9F5E}.Release|Win32.ActiveCfg = Release|Win32
		{B5B94AAD-F957-4739-B185-BDE81BAE9F5E}.Release|Win32.Build.0 = Release|Win32
		{B5B94AAD-F957-4739-B185-BDE81BAE9F5E}.VSDebug|Win32.ActiveCfg = VSDebug|Win32
		{B5B94AAD-F957-4739-B185-BDE81BAE9F5E}.VSDebug|Win32.Build.0 = VSDebug|Win32
		{CE11F0FB-D2A9-499C-B7EE-C1801895C7B4}.Release|Win32.ActiveCfg = Release|Win32
		{CE11F0FB-D2A9-499C-B7EE-C1801895C7B4}.Release|Win32.Build.0 = Release|Win32
		{CE11F0FB-D2A9-499C-B7EE-C1801895C7B4}.VSDebug|Win32.ActiveCfg = VSDebug|Win32
		{CE11F0FB-D2A9-499C-B7EE-C1801895C7B4}.VSDebug|Win32.Build.0 = VSDebug|Win32
		{AB9A5723-EEAE-439A-B324-58BBC3F58F92}.Release|Win32.ActiveCfg = Release|Win32
		{AB9A5723-EEAE-439A-B324-58BBC3F58F92}.Release|Win32.Build.0 = Release|Win32
		{AB9A5723-EEAE-439A-B324-58BBC3F58F92}.VSDebug|Win32.ActiveCfg = VSDebug|Win32
		{AB9A5723-EEAE-439A-B324-58BBC3F58F92}.VSDebug|Win32.Build.0 = VSDebug|Win32
		{F1D67F8B-982B-4AFE-B36A-0C53B9525F82}.Release|Win32.ActiveCfg = Release|Win32
		{F1D67F8B-982B-4AFE-B36A-0C53B9525F82}.Release|Win32.Build.0 = Release|Win32
		{F1D67F8B-982B-4AFE-B36A-0C53B9525F82}.VSDebug|Win32.ActiveCfg = VSDebug|Win32
		{F1D67F8B-982B-4AFE-B36A-0C53B9525F82}.VSDebug|Win32.Build.0 = VSDebug|Win32
		{42F15139-E2EE-45FC-BE59-E800D341D7FB}.Release|Win32.ActiveCfg = Release|Win32
		{42F15139-E2EE-45FC-BE59-E800D341D7FB}.Release|Win32.Build.0 = Release|Win32
		{42F15139-E2EE-45FC-BE59-E800D341D7FB}.VSDebug|Win32.ActiveCfg = VSDebug|Win32
		{42F15139-E2EE-45FC-BE59-E800D341D7FB}.VSDebug|Win32.Build.0 = VSDebug|Win32
		{2C5AF1E9-F9CB-4BAA-B66B-18647FBD9082}.Release|Win32.ActiveCfg = Release|Win32
		{2C5AF1E9-F9CB-4BAA-B66B-18647FBD9082}.Release|Win32.Build.0 = Release|Win32
		{2C5AF1E9-F9CB-4BAA-B66B-18647FBD9082}.VSDebug|Win32.ActiveCfg = VSDebug|Win32
		{2C5AF1E9-F9CB-4BAA-B66B-18647FBD9082}.VSDebug|Win32.Build.0 = VSDebug|Win32
		{BD3A95FA-A3DE-4B79-A889-A7E5ECA4B69C}.Release|Win32.ActiveCfg = Release|Win32
		{BD3A95FA-A3DE-4B79-A889-A7E5ECA4B69C}.Release|Win32.Build.0 = Release|Win32
		{BD3A95FA-A3DE-4B79-A889-A7E5ECA4B69C}.VSDebug|Win32.ActiveCfg = VSDebug|Win32
		{BD3A95FA-A3DE-4B79-A889-A7E5ECA4B69C}.VSDebug|Win32.Build.0 = VSDebug|Win32
	EndGlobalSection
	GlobalSection(SolutionProperties) = preSolution
		HideSolutionNode = FALSE
	EndGlobalSection
EndGlobal
